{
  "name": "Hello_World",
  "version": "1.0.0",
  "lockfileVersion": 1,
  "requires": true,
  "dependencies": {
    "@encapsule/arccore": {
      "version": "0.1.6",
      "resolved": "https://registry.npmjs.org/@encapsule/arccore/-/arccore-0.1.6.tgz",
      "integrity": "sha512-ISwIdB/d3IHA4+75gjHelf8bquxZ/R49usd87qHW7x8joOmqwL0IsZGaC5zxpWefIkMjFwAD69+uMcenO47i9g=="
    },
    "arccore": {
      "version": "0.0.17",
      "resolved": "https://registry.npmjs.org/arccore/-/arccore-0.0.17.tgz",
      "integrity": "sha1-C5Ywga64jVg/QyStPCoaluFsmVM="
    },
    "holism": {
      "version": "0.0.30",
      "resolved": "https://registry.npmjs.org/holism/-/holism-0.0.30.tgz",
      "integrity": "sha1-IdkWBL44BdL//8kQDf/3WWDgE3g="
    }
  }
}
